lockfileVersion: '9.0'

settings:
  autoInstallPeers: false
  excludeLinksFromLockfile: false

importers:

  .: {}

  bar: {}

  foo: {}

  foobar:
    dependencies:
      bar:
        specifier: workspace:^
        version: link:../bar
      foo:
        specifier: workspace:^
        version: link:../foo
